<?xml version="1.0" encoding="utf-8"?>
<Project ToolsVersion="4.0" xmlns="http://schemas.microsoft.com/developer/msbuild/2003">
  <ItemGroup>
    <Filter Include="源文件">
      <UniqueIdentifier>{4FC737F1-C7A5-4376-A066-2A32D752A2FF}</UniqueIdentifier>
      <Extensions>cpp;c;cc;cxx;c++;cppm;ixx;def;odl;idl;hpj;bat;asm;asmx</Extensions>
    </Filter>
    <Filter Include="头文件">
      <UniqueIdentifier>{93995380-89BD-4b04-88EB-625FBE52EBFB}</UniqueIdentifier>
      <Extensions>h;hh;hpp;hxx;h++;hm;inl;inc;ipp;xsd</Extensions>
    </Filter>
    <Filter Include="资源文件">
      <UniqueIdentifier>{67DA6AB6-F800-4c08-8B7A-83BB121AAD01}</UniqueIdentifier>
      <Extensions>rc;ico;cur;bmp;dlg;rc2;rct;bin;rgs;gif;jpg;jpeg;jpe;resx;tiff;tif;png;wav;mfcribbon-ms</Extensions>
    </Filter>
  </ItemGroup>
  <ItemGroup>
    <ClInclude Include="DX12\Device.h">
      <Filter>头文件</Filter>
    </ClInclude>
    <ClInclude Include="DX12\CommandQueue.h">
      <Filter>头文件</Filter>
    </ClInclude>
    <ClInclude Include="DX12\CommandList.h">
      <Filter>头文件</Filter>
    </ClInclude>
    <ClInclude Include="DX12\d3d12utils.h">
      <Filter>头文件</Filter>
    </ClInclude>
    <ClInclude Include="DX12\Vertex.h">
      <Filter>头文件</Filter>
    </ClInclude>
    <ClInclude Include="DX12\MathHelper.h">
      <Filter>头文件</Filter>
    </ClInclude>
    <ClInclude Include="DX12\FrameResource.h">
      <Filter>头文件</Filter>
    </ClInclude>
    <ClInclude Include="DX12\SwapChain.h">
      <Filter>头文件</Filter>
    </ClInclude>
    <ClInclude Include="DX12\DepthStencilView.h">
      <Filter>头文件</Filter>
    </ClInclude>
    <ClInclude Include="DX12\UploadBuffer.h">
      <Filter>头文件</Filter>
    </ClInclude>
    <ClInclude Include="DX12\MeshGeometry.h">
      <Filter>头文件</Filter>
    </ClInclude>
    <ClInclude Include="DX12\SubMeshGeometry.h">
      <Filter>头文件</Filter>
    </ClInclude>
    <ClInclude Include="DX12\RenderItem.h">
      <Filter>头文件</Filter>
    </ClInclude>
    <ClInclude Include="DX12\Model.h">
      <Filter>头文件</Filter>
    </ClInclude>
    <ClInclude Include="DX12\CommandAllocator.h">
      <Filter>头文件</Filter>
    </ClInclude>
    <ClInclude Include="DX12\RenderStructure.h">
      <Filter>头文件</Filter>
    </ClInclude>
    <ClInclude Include="DX12\ImGui\lib\imconfig.h">
      <Filter>头文件</Filter>
    </ClInclude>
    <ClInclude Include="DX12\ImGui\lib\imgui.h">
      <Filter>头文件</Filter>
    </ClInclude>
    <ClInclude Include="DX12\ImGui\lib\imgui_impl_dx12.h">
      <Filter>头文件</Filter>
    </ClInclude>
    <ClInclude Include="DX12\ImGui\lib\imgui_impl_win32.h">
      <Filter>头文件</Filter>
    </ClInclude>
    <ClInclude Include="DX12\ImGui\lib\imgui_internal.h">
      <Filter>头文件</Filter>
    </ClInclude>
    <ClInclude Include="DX12\ImGui\lib\imstb_rectpack.h">
      <Filter>头文件</Filter>
    </ClInclude>
    <ClInclude Include="DX12\ImGui\lib\imstb_textedit.h">
      <Filter>头文件</Filter>
    </ClInclude>
    <ClInclude Include="DX12\ImGui\lib\imstb_truetype.h">
      <Filter>头文件</Filter>
    </ClInclude>
    <ClInclude Include="DX12\ImGui\utils\dx12_import.h">
      <Filter>头文件</Filter>
    </ClInclude>
    <ClInclude Include="DX12\ImGuiUtils\ImGuiUtils.h">
      <Filter>头文件</Filter>
    </ClInclude>
    <ClInclude Include="DX12\Fence.h">
      <Filter>头文件</Filter>
    </ClInclude>
    <ClInclude Include="DX12\DebugController.h">
      <Filter>头文件</Filter>
    </ClInclude>
    <ClInclude Include="DX12\RenderTargetView.h">
      <Filter>头文件</Filter>
    </ClInclude>
    <ClInclude Include="DX12\Factory.h">
      <Filter>头文件</Filter>
    </ClInclude>
    <ClInclude Include="DX12\Adapter.h">
      <Filter>头文件</Filter>
    </ClInclude>
    <ClInclude Include="Renderer\Renderer.h">
      <Filter>头文件</Filter>
    </ClInclude>
    <ClInclude Include="Renderer\RendererInfo.h">
      <Filter>头文件</Filter>
    </ClInclude>
    <ClInclude Include="DX12\PipelineStateObject.h">
      <Filter>头文件</Filter>
    </ClInclude>
    <ClInclude Include="DX12\RootSignature.h">
      <Filter>头文件</Filter>
    </ClInclude>
    <ClInclude Include="DX12\ShaderDesc.h">
      <Filter>头文件</Filter>
    </ClInclude>
    <ClInclude Include="DX12\CbvSrvUav.h">
      <Filter>头文件</Filter>
    </ClInclude>
  </ItemGroup>
  <ItemGroup>
    <None Include="packages.config" />
    <None Include="Shader\color.hlsl" />
    <None Include="cpp.hint" />
  </ItemGroup>
  <ItemGroup>
    <ClCompile Include="Test\main.cpp">
      <Filter>源文件</Filter>
    </ClCompile>
    <ClCompile Include="DX12\CommandList.cpp">
      <Filter>源文件</Filter>
    </ClCompile>
    <ClCompile Include="DX12\CommandQueue.cpp">
      <Filter>源文件</Filter>
    </ClCompile>
    <ClCompile Include="DX12\DepthStencilView.cpp">
      <Filter>源文件</Filter>
    </ClCompile>
    <ClCompile Include="DX12\FrameResource.cpp">
      <Filter>源文件</Filter>
    </ClCompile>
    <ClCompile Include="DX12\Device.cpp">
      <Filter>源文件</Filter>
    </ClCompile>
    <ClCompile Include="DX12\SwapChain.cpp">
      <Filter>源文件</Filter>
    </ClCompile>
    <ClCompile Include="DX12\d3d12utils.cpp">
      <Filter>源文件</Filter>
    </ClCompile>
    <ClCompile Include="DX12\RenderItem.cpp">
      <Filter>源文件</Filter>
    </ClCompile>
    <ClCompile Include="DX12\Model.cpp">
      <Filter>源文件</Filter>
    </ClCompile>
    <ClCompile Include="DX12\CommandAllocator.cpp">
      <Filter>源文件</Filter>
    </ClCompile>
    <ClCompile Include="DX12\ImGui\lib\imgui.cpp">
      <Filter>源文件</Filter>
    </ClCompile>
    <ClCompile Include="DX12\ImGui\lib\imgui_demo.cpp">
      <Filter>源文件</Filter>
    </ClCompile>
    <ClCompile Include="DX12\ImGui\lib\imgui_draw.cpp">
      <Filter>源文件</Filter>
    </ClCompile>
    <ClCompile Include="DX12\ImGui\lib\imgui_impl_dx12.cpp">
      <Filter>源文件</Filter>
    </ClCompile>
    <ClCompile Include="DX12\ImGui\lib\imgui_impl_win32.cpp">
      <Filter>源文件</Filter>
    </ClCompile>
    <ClCompile Include="DX12\ImGui\lib\imgui_tables.cpp">
      <Filter>源文件</Filter>
    </ClCompile>
    <ClCompile Include="DX12\ImGui\lib\imgui_widgets.cpp">
      <Filter>源文件</Filter>
    </ClCompile>
    <ClCompile Include="DX12\Fence.cpp">
      <Filter>源文件</Filter>
    </ClCompile>
    <ClCompile Include="DX12\DebugController.cpp">
      <Filter>源文件</Filter>
    </ClCompile>
    <ClCompile Include="DX12\RenderTargetView.cpp">
      <Filter>源文件</Filter>
    </ClCompile>
    <ClCompile Include="DX12\Factory.cpp">
      <Filter>源文件</Filter>
    </ClCompile>
    <ClCompile Include="DX12\Adapter.cpp">
      <Filter>源文件</Filter>
    </ClCompile>
    <ClCompile Include="Renderer\Renderer.cpp">
      <Filter>源文件</Filter>
    </ClCompile>
    <ClCompile Include="DX12\PipelineStateObject.cpp">
      <Filter>源文件</Filter>
    </ClCompile>
    <ClCompile Include="DX12\RootSignature.cpp">
      <Filter>源文件</Filter>
    </ClCompile>
    <ClCompile Include="DX12\CbvSrvUav.cpp">
      <Filter>源文件</Filter>
    </ClCompile>
  </ItemGroup>
</Project>